
Microsoft Visual Studio Solution File, Format Version 12.00
# Visual Studio 15
VisualStudioVersion = 15.0.26124.0
MinimumVisualStudioVersion = 15.0.26124.0
Project("{2150E333-8FDC-42A3-9474-1A3956D46DE8}") = "src", "src", "{8E587571-A88A-4DB7-8107-41835DF4935B}"
EndProject
Project("{FAE04EC0-301F-11D3-BF4B-00C04F79EFBC}") = "PromotionEngine.Library", "src\PromotionEngine.Library\PromotionEngine.Library.csproj", "{D187E4F4-5202-457D-A04C-6CFFB21C7662}"
EndProject
Project("{2150E333-8FDC-42A3-9474-1A3956D46DE8}") = "test", "test", "{20ECEE0B-41C9-4B55-A185-5FCBBEFB6C9E}"
EndProject
Project("{FAE04EC0-301F-11D3-BF4B-00C04F79EFBC}") = "PromotionEngine.Library.Test", "test\PromotionEngine.Library.Test\PromotionEngine.Library.Test.csproj", "{534E2C2F-97D6-4EE9-8A64-BAFCA5F9FD1C}"
EndProject
Global
	GlobalSection(SolutionConfigurationPlatforms) = preSolution
		Debug|Any CPU = Debug|Any CPU
		Debug|x64 = Debug|x64
		Debug|x86 = Debug|x86
		Release|Any CPU = Release|Any CPU
		Release|x64 = Release|x64
		Release|x86 = Release|x86
	EndGlobalSection
	GlobalSection(SolutionProperties) = preSolution
		HideSolutionNode = FALSE
	EndGlobalSection
	GlobalSection(ProjectConfigurationPlatforms) = postSolution
		{D187E4F4-5202-457D-A04C-6CFFB21C7662}.Debug|Any CPU.ActiveCfg = Debug|Any CPU
		{D187E4F4-5202-457D-A04C-6CFFB21C7662}.Debug|Any CPU.Build.0 = Debug|Any CPU
		{D187E4F4-5202-457D-A04C-6CFFB21C7662}.Debug|x64.ActiveCfg = Debug|Any CPU
		{D187E4F4-5202-457D-A04C-6CFFB21C7662}.Debug|x64.Build.0 = Debug|Any CPU
		{D187E4F4-5202-457D-A04C-6CFFB21C7662}.Debug|x86.ActiveCfg = Debug|Any CPU
		{D187E4F4-5202-457D-A04C-6CFFB21C7662}.Debug|x86.Build.0 = Debug|Any CPU
		{D187E4F4-5202-457D-A04C-6CFFB21C7662}.Release|Any CPU.ActiveCfg = Release|Any CPU
		{D187E4F4-5202-457D-A04C-6CFFB21C7662}.Release|Any CPU.Build.0 = Release|Any CPU
		{D187E4F4-5202-457D-A04C-6CFFB21C7662}.Release|x64.ActiveCfg = Release|Any CPU
		{D187E4F4-5202-457D-A04C-6CFFB21C7662}.Release|x64.Build.0 = Release|Any CPU
		{D187E4F4-5202-457D-A04C-6CFFB21C7662}.Release|x86.ActiveCfg = Release|Any CPU
		{D187E4F4-5202-457D-A04C-6CFFB21C7662}.Release|x86.Build.0 = Release|Any CPU
		{534E2C2F-97D6-4EE9-8A64-BAFCA5F9FD1C}.Debug|Any CPU.ActiveCfg = Debug|Any CPU
		{534E2C2F-97D6-4EE9-8A64-BAFCA5F9FD1C}.Debug|Any CPU.Build.0 = Debug|Any CPU
		{534E2C2F-97D6-4EE9-8A64-BAFCA5F9FD1C}.Debug|x64.ActiveCfg = Debug|Any CPU
		{534E2C2F-97D6-4EE9-8A64-BAFCA5F9FD1C}.Debug|x64.Build.0 = Debug|Any CPU
		{534E2C2F-97D6-4EE9-8A64-BAFCA5F9FD1C}.Debug|x86.ActiveCfg = Debug|Any CPU
		{534E2C2F-97D6-4EE9-8A64-BAFCA5F9FD1C}.Debug|x86.Build.0 = Debug|Any CPU
		{534E2C2F-97D6-4EE9-8A64-BAFCA5F9FD1C}.Release|Any CPU.ActiveCfg = Release|Any CPU
		{534E2C2F-97D6-4EE9-8A64-BAFCA5F9FD1C}.Release|Any CPU.Build.0 = Release|Any CPU
		{534E2C2F-97D6-4EE9-8A64-BAFCA5F9FD1C}.Release|x64.ActiveCfg = Release|Any CPU
		{534E2C2F-97D6-4EE9-8A64-BAFCA5F9FD1C}.Release|x64.Build.0 = Release|Any CPU
		{534E2C2F-97D6-4EE9-8A64-BAFCA5F9FD1C}.Release|x86.ActiveCfg = Release|Any CPU
		{534E2C2F-97D6-4EE9-8A64-BAFCA5F9FD1C}.Release|x86.Build.0 = Release|Any CPU
	EndGlobalSection
	GlobalSection(NestedProjects) = preSolution
		{D187E4F4-5202-457D-A04C-6CFFB21C7662} = {8E587571-A88A-4DB7-8107-41835DF4935B}
		{534E2C2F-97D6-4EE9-8A64-BAFCA5F9FD1C} = {20ECEE0B-41C9-4B55-A185-5FCBBEFB6C9E}
	EndGlobalSection
EndGlobal
